
Microsoft Visual Studio Solution File, Format Version 12.00
# Visual Studio Version 16
VisualStudioVersion = 16.0.31515.178
MinimumVisualStudioVersion = 10.0.40219.1
Project("{FAE04EC0-301F-11D3-BF4B-00C04F79EFBC}") = "StringMatching", "StringMatching\StringMatching.csproj", "{D58409A9-4ED3-4BB7-8275-DE88B41C0B49}"
EndProject
Global
	GlobalSection(SolutionConfigurationPlatforms) = preSolution
		Debug|Any CPU = Debug|Any CPU
		Release|Any CPU = Release|Any CPU
	EndGlobalSection
	GlobalSection(ProjectConfigurationPlatforms) = postSolution
		{D58409A9-4ED3-4BB7-8275-DE88B41C0B49}.Debug|Any CPU.ActiveCfg = Debug|Any CPU
		{D58409A9-4ED3-4BB7-8275-DE88B41C0B49}.Debug|Any CPU.Build.0 = Debug|Any CPU
		{D58409A9-4ED3-4BB7-8275-DE88B41C0B49}.Release|Any CPU.ActiveCfg = Release|Any CPU
		{D58409A9-4ED3-4BB7-8275-DE88B41C0B49}.Release|Any CPU.Build.0 = Release|Any CPU
	EndGlobalSection
	GlobalSection(SolutionProperties) = preSolution
		HideSolutionNode = FALSE
	EndGlobalSection
	GlobalSection(ExtensibilityGlobals) = postSolution
		SolutionGuid = {F33CA382-3F3F-4E99-B5C6-9FCE246413C2}
	EndGlobalSection
EndGlobal
